
Microsoft Visual Studio Solution File, Format Version 12.00
# Visual Studio Version 16
VisualStudioVersion = 16.0.30907.101
MinimumVisualStudioVersion = 10.0.40219.1
Project("{FAE04EC0-301F-11D3-BF4B-00C04F79EFBC}") = "JRM.Resume.Web", "JRM.Resume.Web\JRM.Resume.Web.csproj", "{D4262705-AB41-443F-A6BE-AD0E9A53FD4D}"
EndProject
Global
	GlobalSection(SolutionConfigurationPlatforms) = preSolution
		Debug|Any CPU = Debug|Any CPU
		Release|Any CPU = Release|Any CPU
	EndGlobalSection
	GlobalSection(ProjectConfigurationPlatforms) = postSolution
		{D4262705-AB41-443F-A6BE-AD0E9A53FD4D}.Debug|Any CPU.ActiveCfg = Debug|Any CPU
		{D4262705-AB41-443F-A6BE-AD0E9A53FD4D}.Debug|Any CPU.Build.0 = Debug|Any CPU
		{D4262705-AB41-443F-A6BE-AD0E9A53FD4D}.Release|Any CPU.ActiveCfg = Release|Any CPU
		{D4262705-AB41-443F-A6BE-AD0E9A53FD4D}.Release|Any CPU.Build.0 = Release|Any CPU
	EndGlobalSection
	GlobalSection(SolutionProperties) = preSolution
		HideSolutionNode = FALSE
	EndGlobalSection
	GlobalSection(ExtensibilityGlobals) = postSolution
		SolutionGuid = {99752022-5E13-4368-9433-98D9F0D810EE}
	EndGlobalSection
EndGlobal
